{
  "name": "markdown-to-jira",
  "version": "0.0.1",
  "lockfileVersion": 3,
  "requires": true,
  "packages": {
    "": {
      "name": "markdown-to-jira",
      "version": "0.0.1",
      "license": "MIT",
      "dependencies": {
        "bun-copy-plugin": "0.1.0",
        "bun-types": "1.0.3",
        "marked": "9.0.3",
        "typescript": "5.2.2"
      },
      "devDependencies": {
        "bun-serve": "0.0.2"
      }
    },
    "node_modules/bun-copy-plugin": {
      "version": "0.1.0",
      "resolved": "https://registry.npmjs.org/bun-copy-plugin/-/bun-copy-plugin-0.1.0.tgz",
      "integrity": "sha512-Hd9/Z6H583OK3DuPNb61jEyTHj0NPKNZyOB2IhKh/1kyHyHcuHa+sT1XRmcNxS4Wx6eLvL3bi1MTWpASJu5nqA=="
    },
    "node_modules/bun-serve": {
      "version": "0.0.2",
      "resolved": "https://registry.npmjs.org/bun-serve/-/bun-serve-0.0.2.tgz",
      "integrity": "sha512-5W6kLqhsCfE08BnezQ9poeHLkV74zbPOTlpwqmH+Hb82FSjD80BgFnIe7ENLnrus+vAX4doq/QVdTOHbAC5r4g==",
      "dev": true,
      "hasInstallScript": true,
      "bin": {
        "bun-serve": "index.ts"
      }
    },
    "node_modules/bun-types": {
      "version": "1.0.3",
      "resolved": "https://registry.npmjs.org/bun-types/-/bun-types-1.0.3.tgz",
      "integrity": "sha512-XlyKVdYCHa7K5PHYGcwOVOrGE/bMnLS51y7zFA3ZAAXyiQ6dTaNXNCWTTufgII/6ruN770uhAXphQmzvU/r2fQ=="
    },
    "node_modules/marked": {
      "version": "9.0.3",
      "resolved": "https://registry.npmjs.org/marked/-/marked-9.0.3.tgz",
      "integrity": "sha512-pI/k4nzBG1PEq1J3XFEHxVvjicfjl8rgaMaqclouGSMPhk7Q3Ejb2ZRxx/ZQOcQ1909HzVoWCFYq6oLgtL4BpQ==",
      "bin": {
        "marked": "bin/marked.js"
      },
      "engines": {
        "node": ">= 16"
      }
    },
    "node_modules/typescript": {
      "version": "5.2.2",
      "resolved": "https://registry.npmjs.org/typescript/-/typescript-5.2.2.tgz",
      "integrity": "sha512-mI4WrpHsbCIcwT9cF4FZvr80QUeKvsUsUvKDoR+X/7XHQH98xYD8YHZg7ANtz2GtZt/CBq2QJ0thkGJMHfqc1w==",
      "bin": {
        "tsc": "bin/tsc",
        "tsserver": "bin/tsserver"
      },
      "engines": {
        "node": ">=14.17"
      }
    }
  }
}
